
Microsoft Visual Studio Solution File, Format Version 12.00
# Visual Studio 2012
Project("{8BC9CEB8-8B4A-11D0-8D11-00A0C91BC942}") = "opengl", "opengl\opengl.vcxproj", "{04516D7F-4682-4D22-9C9C-92B02421E618}"
EndProject
Global
	GlobalSection(SolutionConfigurationPlatforms) = preSolution
		Debug|Win32 = Debug|Win32
		Release|Win32 = Release|Win32
	EndGlobalSection
	GlobalSection(ProjectConfigurationPlatforms) = postSolution
		{04516D7F-4682-4D22-9C9C-92B02421E618}.Debug|Win32.ActiveCfg = Debug|Win32
		{04516D7F-4682-4D22-9C9C-92B02421E618}.Debug|Win32.Build.0 = Debug|Win32
		{04516D7F-4682-4D22-9C9C-92B02421E618}.Release|Win32.ActiveCfg = Release|Win32
		{04516D7F-4682-4D22-9C9C-92B02421E618}.Release|Win32.Build.0 = Release|Win32
	EndGlobalSection
	GlobalSection(SolutionProperties) = preSolution
		HideSolutionNode = FALSE
	EndGlobalSection
EndGlobal
